
Microsoft Visual Studio Solution File, Format Version 12.00
# Visual Studio Version 17
VisualStudioVersion = 17.14.36414.22 d17.14
MinimumVisualStudioVersion = 10.0.40219.1
Project("{FAE04EC0-301F-11D3-BF4B-00C04F79EFBC}") = "ex3", "ex3\ex3.csproj", "{9C2C5C28-FFA8-4FA0-8EB8-D95324CC45FA}"
EndProject
Global
	GlobalSection(SolutionConfigurationPlatforms) = preSolution
		Debug|Any CPU = Debug|Any CPU
		Release|Any CPU = Release|Any CPU
	EndGlobalSection
	GlobalSection(ProjectConfigurationPlatforms) = postSolution
		{9C2C5C28-FFA8-4FA0-8EB8-D95324CC45FA}.Debug|Any CPU.ActiveCfg = Debug|Any CPU
		{9C2C5C28-FFA8-4FA0-8EB8-D95324CC45FA}.Debug|Any CPU.Build.0 = Debug|Any CPU
		{9C2C5C28-FFA8-4FA0-8EB8-D95324CC45FA}.Release|Any CPU.ActiveCfg = Release|Any CPU
		{9C2C5C28-FFA8-4FA0-8EB8-D95324CC45FA}.Release|Any CPU.Build.0 = Release|Any CPU
	EndGlobalSection
	GlobalSection(SolutionProperties) = preSolution
		HideSolutionNode = FALSE
	EndGlobalSection
	GlobalSection(ExtensibilityGlobals) = postSolution
		SolutionGuid = {0C574E2C-72DD-4E5B-9C16-7C5AF8521D58}
	EndGlobalSection
EndGlobal
